
Microsoft Visual Studio Solution File, Format Version 12.00
# Visual Studio Version 18
VisualStudioVersion = 18.0.11222.15
MinimumVisualStudioVersion = 10.0.40219.1
Project("{2150E333-8FDC-42A3-9474-1A3956D46DE8}") = "Solution Items", "Solution Items", "{8EC462FD-D22E-90A8-E5CE-7E832BA40C5D}"
	ProjectSection(SolutionItems) = preProject
		.editorconfig = .editorconfig
		.gitignore = .gitignore
		integration_tests.runsettings = integration_tests.runsettings
		qa.connection.json = qa.connection.json
	EndProjectSection
EndProject
Project("{FAE04EC0-301F-11D3-BF4B-00C04F79EFBC}") = "Integration Tests", "Integration Tests\Integration Tests.csproj", "{9377C8D2-70CD-42CD-A686-8008542493A9}"
EndProject
Project("{FAE04EC0-301F-11D3-BF4B-00C04F79EFBC}") = "CSM Security Database Core", "CSM Security Database Core\CSM Security Database Core.csproj", "{6D326F4C-2E11-E27A-D125-78797A2ECF9E}"
EndProject
Project("{FAE04EC0-301F-11D3-BF4B-00C04F79EFBC}") = "CSM Security Database Testing", "CSM Security Database Testing\CSM Security Database Testing.csproj", "{E83D1C87-2F2E-6420-FCC0-9707EEC98DBC}"
EndProject
Global
	GlobalSection(SolutionConfigurationPlatforms) = preSolution
		Debug|Any CPU = Debug|Any CPU
		Release|Any CPU = Release|Any CPU
	EndGlobalSection
	GlobalSection(ProjectConfigurationPlatforms) = postSolution
		{9377C8D2-70CD-42CD-A686-8008542493A9}.Debug|Any CPU.ActiveCfg = Debug|Any CPU
		{9377C8D2-70CD-42CD-A686-8008542493A9}.Debug|Any CPU.Build.0 = Debug|Any CPU
		{9377C8D2-70CD-42CD-A686-8008542493A9}.Release|Any CPU.ActiveCfg = Release|Any CPU
		{9377C8D2-70CD-42CD-A686-8008542493A9}.Release|Any CPU.Build.0 = Release|Any CPU
		{6D326F4C-2E11-E27A-D125-78797A2ECF9E}.Debug|Any CPU.ActiveCfg = Debug|Any CPU
		{6D326F4C-2E11-E27A-D125-78797A2ECF9E}.Debug|Any CPU.Build.0 = Debug|Any CPU
		{6D326F4C-2E11-E27A-D125-78797A2ECF9E}.Release|Any CPU.ActiveCfg = Release|Any CPU
		{6D326F4C-2E11-E27A-D125-78797A2ECF9E}.Release|Any CPU.Build.0 = Release|Any CPU
		{E83D1C87-2F2E-6420-FCC0-9707EEC98DBC}.Debug|Any CPU.ActiveCfg = Debug|Any CPU
		{E83D1C87-2F2E-6420-FCC0-9707EEC98DBC}.Debug|Any CPU.Build.0 = Debug|Any CPU
		{E83D1C87-2F2E-6420-FCC0-9707EEC98DBC}.Release|Any CPU.ActiveCfg = Release|Any CPU
		{E83D1C87-2F2E-6420-FCC0-9707EEC98DBC}.Release|Any CPU.Build.0 = Release|Any CPU
	EndGlobalSection
	GlobalSection(SolutionProperties) = preSolution
		HideSolutionNode = FALSE
	EndGlobalSection
	GlobalSection(ExtensibilityGlobals) = postSolution
		SolutionGuid = {AF8F2CC7-1F2F-468A-A6E6-7DEFF29B4478}
	EndGlobalSection
EndGlobal
